dependencies:
- name: k8s-monitoring
  repository: https://grafana.github.io/helm-charts
  version: 4.1.4
- name: alloy-mixin
  repository: https://charts.portefaix.xyz
  version: 0.3.2
digest: sha256:fd619966edbbb44f35e388bdcf26cef8f9b89b8c67966828126c0a96860bc089
generated: "2026-06-04T20:26:10.94823+02:00"
