dependencies:
- name: k8s-monitoring
  repository: https://grafana.github.io/helm-charts
  version: 4.4.0
- name: alloy-mixin
  repository: https://charts.portefaix.xyz
  version: 0.3.2
digest: sha256:d3c4f30991ee18108e351cce3af2621623f19211836accccf65e130e84b7d1ea
generated: "2026-08-22T16:07:58.464619125Z"
