dependencies:
- name: k8s-monitoring
  repository: https://grafana.github.io/helm-charts
  version: 4.2.1
- name: alloy-mixin
  repository: https://charts.portefaix.xyz
  version: 0.3.2
digest: sha256:97aae6b1f1cf115056ff9de1d09659a8dc28d30a91b30ce4d6d42ec9e14670ba
generated: "2026-07-16T18:38:23.485865586Z"
